
Microsoft Visual Studio Solution File, Format Version 12.00
Project("{FAE04EC0-301F-11D3-BF4B-00C04F79EFBC}") = "YumeScript.Interpreter", "YumeScript.Interpreter\YumeScript.Interpreter.csproj", "{0661A834-5CFD-4DBA-AC2C-60FDEC8AEFFE}"
EndProject
Project("{FAE04EC0-301F-11D3-BF4B-00C04F79EFBC}") = "YumeScript.Translator", "YumeScript.Translator\YumeScript.Translator.csproj", "{22C1771F-BAAB-4612-BB40-E6F7FCD77DBB}"
EndProject
Project("{FAE04EC0-301F-11D3-BF4B-00C04F79EFBC}") = "YumeScript.Interpreter.Tests", "YumeScript.Interpreter.Tests\YumeScript.Interpreter.Tests.csproj", "{45CB0DFC-1245-485D-898E-6C2E4285DBC1}"
EndProject
Project("{FAE04EC0-301F-11D3-BF4B-00C04F79EFBC}") = "YumeScript.Translator.Tests", "YumeScript.Translator.Tests\YumeScript.Translator.Tests.csproj", "{2986CEC3-E9DA-44B6-BDD8-0881D35FFD47}"
EndProject
Project("{FAE04EC0-301F-11D3-BF4B-00C04F79EFBC}") = "YumeScript.Demo", "YumeScript.Demo\YumeScript.Demo.csproj", "{E067644A-5CEB-4F3B-A7C5-2CF57273353F}"
EndProject
Project("{FAE04EC0-301F-11D3-BF4B-00C04F79EFBC}") = "YumeScript.SDK", "YumeScript.SDK\YumeScript.SDK.csproj", "{6B8C782D-985C-43F2-B2C8-6E267632BAE9}"
EndProject
Project("{FAE04EC0-301F-11D3-BF4B-00C04F79EFBC}") = "YumeScript.Runtime", "YumeScript.Runtime\YumeScript.Runtime.csproj", "{009DADED-4B8C-43E2-8968-7FD460579584}"
EndProject
Project("{FAE04EC0-301F-11D3-BF4B-00C04F79EFBC}") = "YumeScript.Runtime.Tests", "YumeScript.Runtime.Tests\YumeScript.Runtime.Tests.csproj", "{F3A633A0-5197-4073-A5AB-2F81112FBDA2}"
EndProject
Project("{FAE04EC0-301F-11D3-BF4B-00C04F79EFBC}") = "YumeScript.SDK.Tests", "YumeScript.SDK.Tests\YumeScript.SDK.Tests.csproj", "{B0D79908-0203-4239-94CF-BAE34480117B}"
EndProject
Global
	GlobalSection(SolutionConfigurationPlatforms) = preSolution
		Debug|Any CPU = Debug|Any CPU
		Release|Any CPU = Release|Any CPU
	EndGlobalSection
	GlobalSection(ProjectConfigurationPlatforms) = postSolution
		{0661A834-5CFD-4DBA-AC2C-60FDEC8AEFFE}.Debug|Any CPU.ActiveCfg = Debug|Any CPU
		{0661A834-5CFD-4DBA-AC2C-60FDEC8AEFFE}.Debug|Any CPU.Build.0 = Debug|Any CPU
		{0661A834-5CFD-4DBA-AC2C-60FDEC8AEFFE}.Release|Any CPU.ActiveCfg = Release|Any CPU
		{0661A834-5CFD-4DBA-AC2C-60FDEC8AEFFE}.Release|Any CPU.Build.0 = Release|Any CPU
		{22C1771F-BAAB-4612-BB40-E6F7FCD77DBB}.Debug|Any CPU.ActiveCfg = Debug|Any CPU
		{22C1771F-BAAB-4612-BB40-E6F7FCD77DBB}.Debug|Any CPU.Build.0 = Debug|Any CPU
		{22C1771F-BAAB-4612-BB40-E6F7FCD77DBB}.Release|Any CPU.ActiveCfg = Release|Any CPU
		{22C1771F-BAAB-4612-BB40-E6F7FCD77DBB}.Release|Any CPU.Build.0 = Release|Any CPU
		{45CB0DFC-1245-485D-898E-6C2E4285DBC1}.Debug|Any CPU.ActiveCfg = Debug|Any CPU
		{45CB0DFC-1245-485D-898E-6C2E4285DBC1}.Debug|Any CPU.Build.0 = Debug|Any CPU
		{45CB0DFC-1245-485D-898E-6C2E4285DBC1}.Release|Any CPU.ActiveCfg = Release|Any CPU
		{45CB0DFC-1245-485D-898E-6C2E4285DBC1}.Release|Any CPU.Build.0 = Release|Any CPU
		{2986CEC3-E9DA-44B6-BDD8-0881D35FFD47}.Debug|Any CPU.ActiveCfg = Debug|Any CPU
		{2986CEC3-E9DA-44B6-BDD8-0881D35FFD47}.Debug|Any CPU.Build.0 = Debug|Any CPU
		{2986CEC3-E9DA-44B6-BDD8-0881D35FFD47}.Release|Any CPU.ActiveCfg = Release|Any CPU
		{2986CEC3-E9DA-44B6-BDD8-0881D35FFD47}.Release|Any CPU.Build.0 = Release|Any CPU
		{E067644A-5CEB-4F3B-A7C5-2CF57273353F}.Debug|Any CPU.ActiveCfg = Debug|Any CPU
		{E067644A-5CEB-4F3B-A7C5-2CF57273353F}.Debug|Any CPU.Build.0 = Debug|Any CPU
		{E067644A-5CEB-4F3B-A7C5-2CF57273353F}.Release|Any CPU.ActiveCfg = Release|Any CPU
		{E067644A-5CEB-4F3B-A7C5-2CF57273353F}.Release|Any CPU.Build.0 = Release|Any CPU
		{6B8C782D-985C-43F2-B2C8-6E267632BAE9}.Debug|Any CPU.ActiveCfg = Debug|Any CPU
		{6B8C782D-985C-43F2-B2C8-6E267632BAE9}.Debug|Any CPU.Build.0 = Debug|Any CPU
		{6B8C782D-985C-43F2-B2C8-6E267632BAE9}.Release|Any CPU.ActiveCfg = Release|Any CPU
		{6B8C782D-985C-43F2-B2C8-6E267632BAE9}.Release|Any CPU.Build.0 = Release|Any CPU
		{009DADED-4B8C-43E2-8968-7FD460579584}.Debug|Any CPU.ActiveCfg = Debug|Any CPU
		{009DADED-4B8C-43E2-8968-7FD460579584}.Debug|Any CPU.Build.0 = Debug|Any CPU
		{009DADED-4B8C-43E2-8968-7FD460579584}.Release|Any CPU.ActiveCfg = Release|Any CPU
		{009DADED-4B8C-43E2-8968-7FD460579584}.Release|Any CPU.Build.0 = Release|Any CPU
		{F3A633A0-5197-4073-A5AB-2F81112FBDA2}.Debug|Any CPU.ActiveCfg = Debug|Any CPU
		{F3A633A0-5197-4073-A5AB-2F81112FBDA2}.Debug|Any CPU.Build.0 = Debug|Any CPU
		{F3A633A0-5197-4073-A5AB-2F81112FBDA2}.Release|Any CPU.ActiveCfg = Release|Any CPU
		{F3A633A0-5197-4073-A5AB-2F81112FBDA2}.Release|Any CPU.Build.0 = Release|Any CPU
		{B0D79908-0203-4239-94CF-BAE34480117B}.Debug|Any CPU.ActiveCfg = Debug|Any CPU
		{B0D79908-0203-4239-94CF-BAE34480117B}.Debug|Any CPU.Build.0 = Debug|Any CPU
		{B0D79908-0203-4239-94CF-BAE34480117B}.Release|Any CPU.ActiveCfg = Release|Any CPU
		{B0D79908-0203-4239-94CF-BAE34480117B}.Release|Any CPU.Build.0 = Release|Any CPU
	EndGlobalSection
EndGlobal
